
Microsoft Visual Studio Solution File, Format Version 12.00
# Visual Studio Version 16
VisualStudioVersion = 16.0.30413.136
MinimumVisualStudioVersion = 10.0.40219.1
Project("{FAE04EC0-301F-11D3-BF4B-00C04F79EFBC}") = "SecureRequest.Web", "SecureRequest.Web\SecureRequest.Web.csproj", "{8E30CBE1-0A4E-4112-B9D0-4449D033C3E2}"
EndProject
Global
	GlobalSection(SolutionConfigurationPlatforms) = preSolution
		Debug|Any CPU = Debug|Any CPU
		Release|Any CPU = Release|Any CPU
	EndGlobalSection
	GlobalSection(ProjectConfigurationPlatforms) = postSolution
		{8E30CBE1-0A4E-4112-B9D0-4449D033C3E2}.Debug|Any CPU.ActiveCfg = Debug|Any CPU
		{8E30CBE1-0A4E-4112-B9D0-4449D033C3E2}.Debug|Any CPU.Build.0 = Debug|Any CPU
		{8E30CBE1-0A4E-4112-B9D0-4449D033C3E2}.Release|Any CPU.ActiveCfg = Release|Any CPU
		{8E30CBE1-0A4E-4112-B9D0-4449D033C3E2}.Release|Any CPU.Build.0 = Release|Any CPU
	EndGlobalSection
	GlobalSection(SolutionProperties) = preSolution
		HideSolutionNode = FALSE
	EndGlobalSection
	GlobalSection(ExtensibilityGlobals) = postSolution
		SolutionGuid = {17622A00-5647-421A-A7E9-0296CA3D41F5}
	EndGlobalSection
EndGlobal
